// !$*UTF8*$!
{
	archiveVersion = 1;
	classes = {
	};
	objectVersion = 55;
	objects = {

/* Begin PBXBuildFile section */
		1A397A6598962DD35A18B0EC /* Pods_calbak_auth_proto.framework in Frameworks */ = {isa = PBXBuildFile; fileRef = 8A27CD7A44E8EAC704DDBC52 /* Pods_calbak_auth_proto.framework */; };
		8D2AD532280AD3250057F879 /* EditProfile.storyboard in Resources */ = {isa = PBXBuildFile; fileRef = 8D2AD531280AD3250057F879 /* EditProfile.storyboard */; };
		8D2AD536280AD3510057F879 /* EditProfileViewController.swift in Sources */ = {isa = PBXBuildFile; fileRef = 8D2AD535280AD3510057F879 /* EditProfileViewController.swift */; };
		8D2AD53B280AD3EE0057F879 /* MyProfile.storyboard in Resources */ = {isa = PBXBuildFile; fileRef = 8D2AD53A280AD3EE0057F879 /* MyProfile.storyboard */; };
		8D494667280C79BB0076EF1C /* GoogleService-Info.plist in Resources */ = {isa = PBXBuildFile; fileRef = 8D494666280C79BB0076EF1C /* GoogleService-Info.plist */; };
		8D55C2D1280ECD2F008FC25D /* StorageManager.swift in Sources */ = {isa = PBXBuildFile; fileRef = 8D55C2D0280ECD2F008FC25D /* StorageManager.swift */; };
		8D7043CD280BDDAC008ED1F6 /* MyProfileViewController.swift in Sources */ = {isa = PBXBuildFile; fileRef = 8D7043CC280BDDAC008ED1F6 /* MyProfileViewController.swift */; };
		8D71EBD328158D900031F1CD /* MoreInfoViewController.swift in Sources */ = {isa = PBXBuildFile; fileRef = 8D71EBD228158D900031F1CD /* MoreInfoViewController.swift */; };
		8D7327632807FA830031B07E /* AppDelegate.swift in Sources */ = {isa = PBXBuildFile; fileRef = 8D7327622807FA830031B07E /* AppDelegate.swift */; };
		8D7327652807FA830031B07E /* SceneDelegate.swift in Sources */ = {isa = PBXBuildFile; fileRef = 8D7327642807FA830031B07E /* SceneDelegate.swift */; };
		8D73276A2807FA830031B07E /* Main.storyboard in Resources */ = {isa = PBXBuildFile; fileRef = 8D7327682807FA830031B07E /* Main.storyboard */; };
		8D73276C2807FA850031B07E /* Assets.xcassets in Resources */ = {isa = PBXBuildFile; fileRef = 8D73276B2807FA850031B07E /* Assets.xcassets */; };
		8D73276F2807FA850031B07E /* LaunchScreen.storyboard in Resources */ = {isa = PBXBuildFile; fileRef = 8D73276D2807FA850031B07E /* LaunchScreen.storyboard */; };
		8D73277B2807FADD0031B07E /* SignUpSuccessViewController.swift in Sources */ = {isa = PBXBuildFile; fileRef = 8D7327762807FADD0031B07E /* SignUpSuccessViewController.swift */; };
		8D73277C2807FADD0031B07E /* LoginViewController.swift in Sources */ = {isa = PBXBuildFile; fileRef = 8D7327772807FADD0031B07E /* LoginViewController.swift */; };
		8D73277D2807FADD0031B07E /* SignUpViewController.swift in Sources */ = {isa = PBXBuildFile; fileRef = 8D7327782807FADD0031B07E /* SignUpViewController.swift */; };
		8D73277E2807FADD0031B07E /* WelcomeViewController.swift in Sources */ = {isa = PBXBuildFile; fileRef = 8D7327792807FADD0031B07E /* WelcomeViewController.swift */; };
		8DBEFF4F2808134300E3EA98 /* UserInfoManager.swift in Sources */ = {isa = PBXBuildFile; fileRef = 8DBEFF4E2808134300E3EA98 /* UserInfoManager.swift */; };
		8DBEFF512808194A00E3EA98 /* MainPageViewController.swift in Sources */ = {isa = PBXBuildFile; fileRef = 8DBEFF502808194900E3EA98 /* MainPageViewController.swift */; };
/* End PBXBuildFile section */

/* Begin PBXFileReference section */
		3F42198ED1CA5135FA5C4DA6 /* Pods-calbak-auth-proto.debug.xcconfig */ = {isa = PBXFileReference; includeInIndex = 1; lastKnownFileType = text.xcconfig; name = "Pods-calbak-auth-proto.debug.xcconfig"; path = "Target Support Files/Pods-calbak-auth-proto/Pods-calbak-auth-proto.debug.xcconfig"; sourceTree = "<group>"; };
		61C5787D957FA261F8D137E4 /* Pods-calbak-auth-proto.release.xcconfig */ = {isa = PBXFileReference; includeInIndex = 1; lastKnownFileType = text.xcconfig; name = "Pods-calbak-auth-proto.release.xcconfig"; path = "Target Support Files/Pods-calbak-auth-proto/Pods-calbak-auth-proto.release.xcconfig"; sourceTree = "<group>"; };
		8A27CD7A44E8EAC704DDBC52 /* Pods_calbak_auth_proto.framework */ = {isa = PBXFileReference; explicitFileType = wrapper.framework; includeInIndex = 0; path = Pods_calbak_auth_proto.framework; sourceTree = BUILT_PRODUCTS_DIR; };
		8D2AD531280AD3250057F879 /* EditProfile.storyboard */ = {isa = PBXFileReference; fileEncoding = 4; lastKnownFileType = file.storyboard; path = EditProfile.storyboard; sourceTree = "<group>"; };
		8D2AD535280AD3510057F879 /* EditProfileViewController.swift */ = {isa = PBXFileReference; fileEncoding = 4; lastKnownFileType = sourcecode.swift; path = EditProfileViewController.swift; sourceTree = "<group>"; };
		8D2AD53A280AD3EE0057F879 /* MyProfile.storyboard */ = {isa = PBXFileReference; lastKnownFileType = file.storyboard; path = MyProfile.storyboard; sourceTree = "<group>"; };
		8D494666280C79BB0076EF1C /* GoogleService-Info.plist */ = {isa = PBXFileReference; fileEncoding = 4; lastKnownFileType = text.plist.xml; path = "GoogleService-Info.plist"; sourceTree = "<group>"; };
		8D55C2D0280ECD2F008FC25D /* StorageManager.swift */ = {isa = PBXFileReference; lastKnownFileType = sourcecode.swift; path = StorageManager.swift; sourceTree = "<group>"; };
		8D7043CC280BDDAC008ED1F6 /* MyProfileViewController.swift */ = {isa = PBXFileReference; lastKnownFileType = sourcecode.swift; path = MyProfileViewController.swift; sourceTree = "<group>"; wrapsLines = 0; };
		8D71EBD228158D900031F1CD /* MoreInfoViewController.swift */ = {isa = PBXFileReference; lastKnownFileType = sourcecode.swift; path = MoreInfoViewController.swift; sourceTree = "<group>"; };
		8D73275F2807FA830031B07E /* calbak-auth-proto.app */ = {isa = PBXFileReference; explicitFileType = wrapper.application; includeInIndex = 0; path = "calbak-auth-proto.app"; sourceTree = BUILT_PRODUCTS_DIR; };
		8D7327622807FA830031B07E /* AppDelegate.swift */ = {isa = PBXFileReference; lastKnownFileType = sourcecode.swift; path = AppDelegate.swift; sourceTree = "<group>"; };
		8D7327642807FA830031B07E /* SceneDelegate.swift */ = {isa = PBXFileReference; lastKnownFileType = sourcecode.swift; path = SceneDelegate.swift; sourceTree = "<group>"; };
		8D7327692807FA830031B07E /* Base */ = {isa = PBXFileReference; lastKnownFileType = file.storyboard; name = Base; path = Base.lproj/Main.storyboard; sourceTree = "<group>"; };
		8D73276B2807FA850031B07E /* Assets.xcassets */ = {isa = PBXFileReference; lastKnownFileType = folder.assetcatalog; path = Assets.xcassets; sourceTree = "<group>"; };
		8D73276E2807FA850031B07E /* Base */ = {isa = PBXFileReference; lastKnownFileType = file.storyboard; name = Base; path = Base.lproj/LaunchScreen.storyboard; sourceTree = "<group>"; };
		8D7327702807FA850031B07E /* Info.plist */ = {isa = PBXFileReference; lastKnownFileType = text.plist.xml; path = Info.plist; sourceTree = "<group>"; };
		8D7327762807FADD0031B07E /* SignUpSuccessViewController.swift */ = {isa = PBXFileReference; fileEncoding = 4; lastKnownFileType = sourcecode.swift; path = SignUpSuccessViewController.swift; sourceTree = "<group>"; };
		8D7327772807FADD0031B07E /* LoginViewController.swift */ = {isa = PBXFileReference; fileEncoding = 4; lastKnownFileType = sourcecode.swift; path = LoginViewController.swift; sourceTree = "<group>"; wrapsLines = 1; };
		8D7327782807FADD0031B07E /* SignUpViewController.swift */ = {isa = PBXFileReference; fileEncoding = 4; lastKnownFileType = sourcecode.swift; path = SignUpViewController.swift; sourceTree = "<group>"; wrapsLines = 0; };
		8D7327792807FADD0031B07E /* WelcomeViewController.swift */ = {isa = PBXFileReference; fileEncoding = 4; lastKnownFileType = sourcecode.swift; path = WelcomeViewController.swift; sourceTree = "<group>"; };
		8DBEFF4E2808134300E3EA98 /* UserInfoManager.swift */ = {isa = PBXFileReference; lastKnownFileType = sourcecode.swift; path = UserInfoManager.swift; sourceTree = "<group>"; wrapsLines = 0; };
		8DBEFF502808194900E3EA98 /* MainPageViewController.swift */ = {isa = PBXFileReference; lastKnownFileType = sourcecode.swift; path = MainPageViewController.swift; sourceTree = "<group>"; };
/* End PBXFileReference section */

/* Begin PBXFrameworksBuildPhase section */
		8D73275C2807FA830031B07E /* Frameworks */ = {
			isa = PBXFrameworksBuildPhase;
			buildActionMask = 2147483647;
			files = (
				1A397A6598962DD35A18B0EC /* Pods_calbak_auth_proto.framework in Frameworks */,
			);
			runOnlyForDeploymentPostprocessing = 0;
		};
/* End PBXFrameworksBuildPhase section */

/* Begin PBXGroup section */
		5E0757C1340DD9128472D594 /* Frameworks */ = {
			isa = PBXGroup;
			children = (
				8A27CD7A44E8EAC704DDBC52 /* Pods_calbak_auth_proto.framework */,
			);
			name = Frameworks;
			sourceTree = "<group>";
		};
		8D1E5377280ECB4A00041FCB /* Scenes */ = {
			isa = PBXGroup;
			children = (
				8D2AD53A280AD3EE0057F879 /* MyProfile.storyboard */,
				8D2AD531280AD3250057F879 /* EditProfile.storyboard */,
				8D7327682807FA830031B07E /* Main.storyboard */,
			);
			path = Scenes;
			sourceTree = "<group>";
		};
		8D2AD52F280AD28B0057F879 /* Authentication */ = {
			isa = PBXGroup;
			children = (
				8D7327772807FADD0031B07E /* LoginViewController.swift */,
				8D7327762807FADD0031B07E /* SignUpSuccessViewController.swift */,
				8D7327782807FADD0031B07E /* SignUpViewController.swift */,
				8DBEFF4E2808134300E3EA98 /* UserInfoManager.swift */,
				8D7327792807FADD0031B07E /* WelcomeViewController.swift */,
				8D71EBD228158D900031F1CD /* MoreInfoViewController.swift */,
			);
			path = Authentication;
			sourceTree = "<group>";
		};
		8D2AD530280AD2F60057F879 /* EditProfile */ = {
			isa = PBXGroup;
			children = (
				8D2AD535280AD3510057F879 /* EditProfileViewController.swift */,
			);
			path = EditProfile;
			sourceTree = "<group>";
		};
		8D2AD539280AD3C20057F879 /* MyProfile */ = {
			isa = PBXGroup;
			children = (
				8D7043CC280BDDAC008ED1F6 /* MyProfileViewController.swift */,
				8DBEFF502808194900E3EA98 /* MainPageViewController.swift */,
			);
			path = MyProfile;
			sourceTree = "<group>";
		};
		8D7327562807FA830031B07E = {
			isa = PBXGroup;
			children = (
				8D7327612807FA830031B07E /* calbak-auth-proto */,
				8D7327602807FA830031B07E /* Products */,
				A2674CABC295F36438471710 /* Pods */,
				5E0757C1340DD9128472D594 /* Frameworks */,
			);
			sourceTree = "<group>";
		};
		8D7327602807FA830031B07E /* Products */ = {
			isa = PBXGroup;
			children = (
				8D73275F2807FA830031B07E /* calbak-auth-proto.app */,
			);
			name = Products;
			sourceTree = "<group>";
		};
		8D7327612807FA830031B07E /* calbak-auth-proto */ = {
			isa = PBXGroup;
			children = (
				8D1E5377280ECB4A00041FCB /* Scenes */,
				8D2AD539280AD3C20057F879 /* MyProfile */,
				8D2AD530280AD2F60057F879 /* EditProfile */,
				8D2AD52F280AD28B0057F879 /* Authentication */,
				8D7327622807FA830031B07E /* AppDelegate.swift */,
				8D7327642807FA830031B07E /* SceneDelegate.swift */,
				8D73276B2807FA850031B07E /* Assets.xcassets */,
				8D73276D2807FA850031B07E /* LaunchScreen.storyboard */,
				8D7327702807FA850031B07E /* Info.plist */,
				8D494666280C79BB0076EF1C /* GoogleService-Info.plist */,
				8D55C2D0280ECD2F008FC25D /* StorageManager.swift */,
			);
			path = "calbak-auth-proto";
			sourceTree = "<group>";
		};
		A2674CABC295F36438471710 /* Pods */ = {
			isa = PBXGroup;
			children = (
				3F42198ED1CA5135FA5C4DA6 /* Pods-calbak-auth-proto.debug.xcconfig */,
				61C5787D957FA261F8D137E4 /* Pods-calbak-auth-proto.release.xcconfig */,
			);
			path = Pods;
			sourceTree = "<group>";
		};
/* End PBXGroup section */

/* Begin PBXNativeTarget section */
		8D73275E2807FA830031B07E /* calbak-auth-proto */ = {
			isa = PBXNativeTarget;
			buildConfigurationList = 8D7327732807FA850031B07E /* Build configuration list for PBXNativeTarget "calbak-auth-proto" */;
			buildPhases = (
				338217ECE18938648444B662 /* [CP] Check Pods Manifest.lock */,
				8D73275B2807FA830031B07E /* Sources */,
				8D73275C2807FA830031B07E /* Frameworks */,
				8D73275D2807FA830031B07E /* Resources */,
				AD733984D3C579B040C75A8E /* [CP] Embed Pods Frameworks */,
			);
			buildRules = (
			);
			dependencies = (
			);
			name = "calbak-auth-proto";
			productName = "calbak-auth-proto";
			productReference = 8D73275F2807FA830031B07E /* calbak-auth-proto.app */;
			productType = "com.apple.product-type.application";
		};
/* End PBXNativeTarget section */

/* Begin PBXProject section */
		8D7327572807FA830031B07E /* Project object */ = {
			isa = PBXProject;
			attributes = {
				BuildIndependentTargetsInParallel = 1;
				LastSwiftUpdateCheck = 1320;
				LastUpgradeCheck = 1320;
				TargetAttributes = {
					8D73275E2807FA830031B07E = {
						CreatedOnToolsVersion = 13.2.1;
					};
				};
			};
			buildConfigurationList = 8D73275A2807FA830031B07E /* Build configuration list for PBXProject "calbak-auth-proto" */;
			compatibilityVersion = "Xcode 13.0";
			developmentRegion = en;
			hasScannedForEncodings = 0;
			knownRegions = (
				en,
				Base,
			);
			mainGroup = 8D7327562807FA830031B07E;
			productRefGroup = 8D7327602807FA830031B07E /* Products */;
			projectDirPath = "";
			projectRoot = "";
			targets = (
				8D73275E2807FA830031B07E /* calbak-auth-proto */,
			);
		};
/* End PBXProject section */

/* Begin PBXResourcesBuildPhase section */
		8D73275D2807FA830031B07E /* Resources */ = {
			isa = PBXResourcesBuildPhase;
			buildActionMask = 2147483647;
			files = (
				8D73276F2807FA850031B07E /* LaunchScreen.storyboard in Resources */,
				8D2AD532280AD3250057F879 /* EditProfile.storyboard in Resources */,
				8D2AD53B280AD3EE0057F879 /* MyProfile.storyboard in Resources */,
				8D73276C2807FA850031B07E /* Assets.xcassets in Resources */,
				8D73276A2807FA830031B07E /* Main.storyboard in Resources */,
				8D494667280C79BB0076EF1C /* GoogleService-Info.plist in Resources */,
			);
			runOnlyForDeploymentPostprocessing = 0;
		};
/* End PBXResourcesBuildPhase section */

/* Begin PBXShellScriptBuildPhase section */
		338217ECE18938648444B662 /* [CP] Check Pods Manifest.lock */ = {
			isa = PBXShellScriptBuildPhase;
			buildActionMask = 2147483647;
			files = (
			);
			inputFileListPaths = (
			);
			inputPaths = (
				"${PODS_PODFILE_DIR_PATH}/Podfile.lock",
				"${PODS_ROOT}/Manifest.lock",
			);
			name = "[CP] Check Pods Manifest.lock";
			outputFileListPaths = (
			);
			outputPaths = (
				"$(DERIVED_FILE_DIR)/Pods-calbak-auth-proto-checkManifestLockResult.txt",
			);
			runOnlyForDeploymentPostprocessing = 0;
			shellPath = /bin/sh;
			shellScript = "diff \"${PODS_PODFILE_DIR_PATH}/Podfile.lock\" \"${PODS_ROOT}/Manifest.lock\" > /dev/null\nif [ $? != 0 ] ; then\n    # print error to STDERR\n    echo \"error: The sandbox is not in sync with the Podfile.lock. Run 'pod install' or update your CocoaPods installation.\" >&2\n    exit 1\nfi\n# This output is used by Xcode 'outputs' to avoid re-running this script phase.\necho \"SUCCESS\" > \"${SCRIPT_OUTPUT_FILE_0}\"\n";
			showEnvVarsInLog = 0;
		};
		AD733984D3C579B040C75A8E /* [CP] Embed Pods Frameworks */ = {
			isa = PBXShellScriptBuildPhase;
			buildActionMask = 2147483647;
			files = (
			);
			inputFileListPaths = (
				"${PODS_ROOT}/Target Support Files/Pods-calbak-auth-proto/Pods-calbak-auth-proto-frameworks-${CONFIGURATION}-input-files.xcfilelist",
			);
			name = "[CP] Embed Pods Frameworks";
			outputFileListPaths = (
				"${PODS_ROOT}/Target Support Files/Pods-calbak-auth-proto/Pods-calbak-auth-proto-frameworks-${CONFIGURATION}-output-files.xcfilelist",
			);
			runOnlyForDeploymentPostprocessing = 0;
			shellPath = /bin/sh;
			shellScript = "\"${PODS_ROOT}/Target Support Files/Pods-calbak-auth-proto/Pods-calbak-auth-proto-frameworks.sh\"\n";
			showEnvVarsInLog = 0;
		};
/* End PBXShellScriptBuildPhase section */

/* Begin PBXSourcesBuildPhase section */
		8D73275B2807FA830031B07E /* Sources */ = {
			isa = PBXSourcesBuildPhase;
			buildActionMask = 2147483647;
			files = (
				8DBEFF512808194A00E3EA98 /* MainPageViewController.swift in Sources */,
				8D73277D2807FADD0031B07E /* SignUpViewController.swift in Sources */,
				8D55C2D1280ECD2F008FC25D /* StorageManager.swift in Sources */,
				8D7327632807FA830031B07E /* AppDelegate.swift in Sources */,
				8D73277B2807FADD0031B07E /* SignUpSuccessViewController.swift in Sources */,
				8D7043CD280BDDAC008ED1F6 /* MyProfileViewController.swift in Sources */,
				8D73277C2807FADD0031B07E /* LoginViewController.swift in Sources */,
				8D7327652807FA830031B07E /* SceneDelegate.swift in Sources */,
				8DBEFF4F2808134300E3EA98 /* UserInfoManager.swift in Sources */,
				8D2AD536280AD3510057F879 /* EditProfileViewController.swift in Sources */,
				8D73277E2807FADD0031B07E /* WelcomeViewController.swift in Sources */,
				8D71EBD328158D900031F1CD /* MoreInfoViewController.swift in Sources */,
			);
			runOnlyForDeploymentPostprocessing = 0;
		};
/* End PBXSourcesBuildPhase section */

/* Begin PBXVariantGroup section */
		8D7327682807FA830031B07E /* Main.storyboard */ = {
			isa = PBXVariantGroup;
			children = (
				8D7327692807FA830031B07E /* Base */,
			);
			name = Main.storyboard;
			sourceTree = "<group>";
		};
		8D73276D2807FA850031B07E /* LaunchScreen.storyboard */ = {
			isa = PBXVariantGroup;
			children = (
				8D73276E2807FA850031B07E /* Base */,
			);
			name = LaunchScreen.storyboard;
			sourceTree = "<group>";
		};
/* End PBXVariantGroup section */

/* Begin XCBuildConfiguration section */
		8D7327712807FA850031B07E /* Debug */ = {
			isa = XCBuildConfiguration;
			buildSettings = {
				ALWAYS_SEARCH_USER_PATHS = NO;
				CLANG_ANALYZER_NONNULL = YES;
				CLANG_ANALYZER_NUMBER_OBJECT_CONVERSION = YES_AGGRESSIVE;
				CLANG_CXX_LANGUAGE_STANDARD = "gnu++17";
				CLANG_CXX_LIBRARY = "libc++";
				CLANG_ENABLE_MODULES = YES;
				CLANG_ENABLE_OBJC_ARC = YES;
				CLANG_ENABLE_OBJC_WEAK = YES;
				CLANG_WARN_BLOCK_CAPTURE_AUTORELEASING = YES;
				CLANG_WARN_BOOL_CONVERSION = YES;
				CLANG_WARN_COMMA = YES;
				CLANG_WARN_CONSTANT_CONVERSION = YES;
				CLANG_WARN_DEPRECATED_OBJC_IMPLEMENTATIONS = YES;
				CLANG_WARN_DIRECT_OBJC_ISA_USAGE = YES_ERROR;
				CLANG_WARN_DOCUMENTATION_COMMENTS = YES;
				CLANG_WARN_EMPTY_BODY = YES;
				CLANG_WARN_ENUM_CONVERSION = YES;
				CLANG_WARN_INFINITE_RECURSION = YES;
				CLANG_WARN_INT_CONVERSION = YES;
				CLANG_WARN_NON_LITERAL_NULL_CONVERSION = YES;
				CLANG_WARN_OBJC_IMPLICIT_RETAIN_SELF = YES;
				CLANG_WARN_OBJC_LITERAL_CONVERSION = YES;
				CLANG_WARN_OBJC_ROOT_CLASS = YES_ERROR;
				CLANG_WARN_QUOTED_INCLUDE_IN_FRAMEWORK_HEADER = YES;
				CLANG_WARN_RANGE_LOOP_ANALYSIS = YES;
				CLANG_WARN_STRICT_PROTOTYPES = YES;
				CLANG_WARN_SUSPICIOUS_MOVE = YES;
				CLANG_WARN_UNGUARDED_AVAILABILITY = YES_AGGRESSIVE;
				CLANG_WARN_UNREACHABLE_CODE = YES;
				CLANG_WARN__DUPLICATE_METHOD_MATCH = YES;
				COPY_PHASE_STRIP = NO;
				DEBUG_INFORMATION_FORMAT = dwarf;
				ENABLE_STRICT_OBJC_MSGSEND = YES;
				ENABLE_TESTABILITY = YES;
				GCC_C_LANGUAGE_STANDARD = gnu11;
				GCC_DYNAMIC_NO_PIC = NO;
				GCC_NO_COMMON_BLOCKS = YES;
				GCC_OPTIMIZATION_LEVEL = 0;
				GCC_PREPROCESSOR_DEFINITIONS = (
					"DEBUG=1",
					"$(inherited)",
				);
				GCC_WARN_64_TO_32_BIT_CONVERSION = YES;
				GCC_WARN_ABOUT_RETURN_TYPE = YES_ERROR;
				GCC_WARN_UNDECLARED_SELECTOR = YES;
				GCC_WARN_UNINITIALIZED_AUTOS = YES_AGGRESSIVE;
				GCC_WARN_UNUSED_FUNCTION = YES;
				GCC_WARN_UNUSED_VARIABLE = YES;
				IPHONEOS_DEPLOYMENT_TARGET = 15.2;
				MTL_ENABLE_DEBUG_INFO = INCLUDE_SOURCE;
				MTL_FAST_MATH = YES;
				ONLY_ACTIVE_ARCH = YES;
				SDKROOT = iphoneos;
				SWIFT_ACTIVE_COMPILATION_CONDITIONS = DEBUG;
				SWIFT_OPTIMIZATION_LEVEL = "-Onone";
			};
			name = Debug;
		};
		8D7327722807FA850031B07E /* Release */ = {
			isa = XCBuildConfiguration;
			buildSettings = {
				ALWAYS_SEARCH_USER_PATHS = NO;
				CLANG_ANALYZER_NONNULL = YES;
				CLANG_ANALYZER_NUMBER_OBJECT_CONVERSION = YES_AGGRESSIVE;
				CLANG_CXX_LANGUAGE_STANDARD = "gnu++17";
				CLANG_CXX_LIBRARY = "libc++";
				CLANG_ENABLE_MODULES = YES;
				CLANG_ENABLE_OBJC_ARC = YES;
				CLANG_ENABLE_OBJC_WEAK = YES;
				CLANG_WARN_BLOCK_CAPTURE_AUTORELEASING = YES;
				CLANG_WARN_BOOL_CONVERSION = YES;
				CLANG_WARN_COMMA = YES;
				CLANG_WARN_CONSTANT_CONVERSION = YES;
				CLANG_WARN_DEPRECATED_OBJC_IMPLEMENTATIONS = YES;
				CLANG_WARN_DIRECT_OBJC_ISA_USAGE = YES_ERROR;
				CLANG_WARN_DOCUMENTATION_COMMENTS = YES;
				CLANG_WARN_EMPTY_BODY = YES;
				CLANG_WARN_ENUM_CONVERSION = YES;
				CLANG_WARN_INFINITE_RECURSION = YES;
				CLANG_WARN_INT_CONVERSION = YES;
				CLANG_WARN_NON_LITERAL_NULL_CONVERSION = YES;
				CLANG_WARN_OBJC_IMPLICIT_RETAIN_SELF = YES;
				CLANG_WARN_OBJC_LITERAL_CONVERSION = YES;
				CLANG_WARN_OBJC_ROOT_CLASS = YES_ERROR;
				CLANG_WARN_QUOTED_INCLUDE_IN_FRAMEWORK_HEADER = YES;
				CLANG_WARN_RANGE_LOOP_ANALYSIS = YES;
				CLANG_WARN_STRICT_PROTOTYPES = YES;
				CLANG_WARN_SUSPICIOUS_MOVE = YES;
				CLANG_WARN_UNGUARDED_AVAILABILITY = YES_AGGRESSIVE;
				CLANG_WARN_UNREACHABLE_CODE = YES;
				CLANG_WARN__DUPLICATE_METHOD_MATCH = YES;
				COPY_PHASE_STRIP = NO;
				DEBUG_INFORMATION_FORMAT = "dwarf-with-dsym";
				ENABLE_NS_ASSERTIONS = NO;
				ENABLE_STRICT_OBJC_MSGSEND = YES;
				GCC_C_LANGUAGE_STANDARD = gnu11;
				GCC_NO_COMMON_BLOCKS = YES;
				GCC_WARN_64_TO_32_BIT_CONVERSION = YES;
				GCC_WARN_ABOUT_RETURN_TYPE = YES_ERROR;
				GCC_WARN_UNDECLARED_SELECTOR = YES;
				GCC_WARN_UNINITIALIZED_AUTOS = YES_AGGRESSIVE;
				GCC_WARN_UNUSED_FUNCTION = YES;
				GCC_WARN_UNUSED_VARIABLE = YES;
				IPHONEOS_DEPLOYMENT_TARGET = 15.2;
				MTL_ENABLE_DEBUG_INFO = NO;
				MTL_FAST_MATH = YES;
				SDKROOT = iphoneos;
				SWIFT_COMPILATION_MODE = wholemodule;
				SWIFT_OPTIMIZATION_LEVEL = "-O";
				VALIDATE_PRODUCT = YES;
			};
			name = Release;
		};
		8D7327742807FA850031B07E /* Debug */ = {
			isa = XCBuildConfiguration;
			baseConfigurationReference = 3F42198ED1CA5135FA5C4DA6 /* Pods-calbak-auth-proto.debug.xcconfig */;
			buildSettings = {
				ASSETCATALOG_COMPILER_APPICON_NAME = AppIcon;
				ASSETCATALOG_COMPILER_GLOBAL_ACCENT_COLOR_NAME = AccentColor;
				CODE_SIGN_STYLE = Automatic;
				CURRENT_PROJECT_VERSION = 1;
				GENERATE_INFOPLIST_FILE = YES;
				INFOPLIST_FILE = "calbak-auth-proto/Info.plist";
				INFOPLIST_KEY_UIApplicationSupportsIndirectInputEvents = YES;
				INFOPLIST_KEY_UILaunchStoryboardName = LaunchScreen;
				INFOPLIST_KEY_UIMainStoryboardFile = Main;
				INFOPLIST_KEY_UISupportedInterfaceOrientations_iPad = "UIInterfaceOrientationPortrait UIInterfaceOrientationPortraitUpsideDown UIInterfaceOrientationLandscapeLeft UIInterfaceOrientationLandscapeRight";
				INFOPLIST_KEY_UISupportedInterfaceOrientations_iPhone = "UIInterfaceOrientationPortrait UIInterfaceOrientationLandscapeLeft UIInterfaceOrientationLandscapeRight";
				LD_RUNPATH_SEARCH_PATHS = (
					"$(inherited)",
					"@executable_path/Frameworks",
				);
				MARKETING_VERSION = 1.0;
				PRODUCT_BUNDLE_IDENTIFIER = "chan.calbak.calbak-auth-proto";
				PRODUCT_NAME = "$(TARGET_NAME)";
				SWIFT_EMIT_LOC_STRINGS = YES;
				SWIFT_VERSION = 5.0;
				TARGETED_DEVICE_FAMILY = "1,2";
			};
			name = Debug;
		};
		8D7327752807FA850031B07E /* Release */ = {
			isa = XCBuildConfiguration;
			baseConfigurationReference = 61C5787D957FA261F8D137E4 /* Pods-calbak-auth-proto.release.xcconfig */;
			buildSettings = {
				ASSETCATALOG_COMPILER_APPICON_NAME = AppIcon;
				ASSETCATALOG_COMPILER_GLOBAL_ACCENT_COLOR_NAME = AccentColor;
				CODE_SIGN_STYLE = Automatic;
				CURRENT_PROJECT_VERSION = 1;
				GENERATE_INFOPLIST_FILE = YES;
				INFOPLIST_FILE = "calbak-auth-proto/Info.plist";
				INFOPLIST_KEY_UIApplicationSupportsIndirectInputEvents = YES;
				INFOPLIST_KEY_UILaunchStoryboardName = LaunchScreen;
				INFOPLIST_KEY_UIMainStoryboardFile = Main;
				INFOPLIST_KEY_UISupportedInterfaceOrientations_iPad = "UIInterfaceOrientationPortrait UIInterfaceOrientationPortraitUpsideDown UIInterfaceOrientationLandscapeLeft UIInterfaceOrientationLandscapeRight";
				INFOPLIST_KEY_UISupportedInterfaceOrientations_iPhone = "UIInterfaceOrientationPortrait UIInterfaceOrientationLandscapeLeft UIInterfaceOrientationLandscapeRight";
				LD_RUNPATH_SEARCH_PATHS = (
					"$(inherited)",
					"@executable_path/Frameworks",
				);
				MARKETING_VERSION = 1.0;
				PRODUCT_BUNDLE_IDENTIFIER = "chan.calbak.calbak-auth-proto";
				PRODUCT_NAME = "$(TARGET_NAME)";
				SWIFT_EMIT_LOC_STRINGS = YES;
				SWIFT_VERSION = 5.0;
				TARGETED_DEVICE_FAMILY = "1,2";
			};
			name = Release;
		};
/* End XCBuildConfiguration section */

/* Begin XCConfigurationList section */
		8D73275A2807FA830031B07E /* Build configuration list for PBXProject "calbak-auth-proto" */ = {
			isa = XCConfigurationList;
			buildConfigurations = (
				8D7327712807FA850031B07E /* Debug */,
				8D7327722807FA850031B07E /* Release */,
			);
			defaultConfigurationIsVisible = 0;
			defaultConfigurationName = Release;
		};
		8D7327732807FA850031B07E /* Build configuration list for PBXNativeTarget "calbak-auth-proto" */ = {
			isa = XCConfigurationList;
			buildConfigurations = (
				8D7327742807FA850031B07E /* Debug */,
				8D7327752807FA850031B07E /* Release */,
			);
			defaultConfigurationIsVisible = 0;
			defaultConfigurationName = Release;
		};
/* End XCConfigurationList section */
	};
	rootObject = 8D7327572807FA830031B07E /* Project object */;
}
